
Microsoft Visual Studio Solution File, Format Version 12.00
# Visual Studio Version 16
VisualStudioVersion = 16.0.29009.5
MinimumVisualStudioVersion = 10.0.40219.1
Project("{FAE04EC0-301F-11D3-BF4B-00C04F79EFBC}") = "GameDataExtractor", "GameDataExtractor\GameDataExtractor.csproj", "{73610D91-20F5-434F-85CE-DBEEDBF7D5C8}"
EndProject
Global
	GlobalSection(SolutionConfigurationPlatforms) = preSolution
		Debug|Any CPU = Debug|Any CPU
		Release|Any CPU = Release|Any CPU
	EndGlobalSection
	GlobalSection(ProjectConfigurationPlatforms) = postSolution
		{73610D91-20F5-434F-85CE-DBEEDBF7D5C8}.Debug|Any CPU.ActiveCfg = Debug|Any CPU
		{73610D91-20F5-434F-85CE-DBEEDBF7D5C8}.Debug|Any CPU.Build.0 = Debug|Any CPU
		{73610D91-20F5-434F-85CE-DBEEDBF7D5C8}.Release|Any CPU.ActiveCfg = Release|Any CPU
		{73610D91-20F5-434F-85CE-DBEEDBF7D5C8}.Release|Any CPU.Build.0 = Release|Any CPU
	EndGlobalSection
	GlobalSection(SolutionProperties) = preSolution
		HideSolutionNode = FALSE
	EndGlobalSection
	GlobalSection(ExtensibilityGlobals) = postSolution
		SolutionGuid = {083868B7-5904-4FF1-AF58-C0832DB0FB6E}
	EndGlobalSection
EndGlobal
